
Microsoft Visual Studio Solution File, Format Version 12.00
# Visual Studio Version 17
VisualStudioVersion = 17.1.32414.318
MinimumVisualStudioVersion = 10.0.40219.1
Project("{FAE04EC0-301F-11D3-BF4B-00C04F79EFBC}") = "ConsoleCalculator", "ConsoleCalculator\ConsoleCalculator.csproj", "{88FFBE33-9030-41B2-B6DB-0C4342E5BCDB}"
EndProject
Project("{FAE04EC0-301F-11D3-BF4B-00C04F79EFBC}") = "ConsoleCalculator.Test.Nunit", "ConsoleCalculator.Test.Nunit\ConsoleCalculator.Test.Nunit.csproj", "{B00DF756-D5B8-490D-B9D9-3DA87B2CB9AD}"
EndProject
Global
	GlobalSection(SolutionConfigurationPlatforms) = preSolution
		Debug|Any CPU = Debug|Any CPU
		Release|Any CPU = Release|Any CPU
	EndGlobalSection
	GlobalSection(ProjectConfigurationPlatforms) = postSolution
		{88FFBE33-9030-41B2-B6DB-0C4342E5BCDB}.Debug|Any CPU.ActiveCfg = Debug|Any CPU
		{88FFBE33-9030-41B2-B6DB-0C4342E5BCDB}.Debug|Any CPU.Build.0 = Debug|Any CPU
		{88FFBE33-9030-41B2-B6DB-0C4342E5BCDB}.Release|Any CPU.ActiveCfg = Release|Any CPU
		{88FFBE33-9030-41B2-B6DB-0C4342E5BCDB}.Release|Any CPU.Build.0 = Release|Any CPU
		{B00DF756-D5B8-490D-B9D9-3DA87B2CB9AD}.Debug|Any CPU.ActiveCfg = Debug|Any CPU
		{B00DF756-D5B8-490D-B9D9-3DA87B2CB9AD}.Debug|Any CPU.Build.0 = Debug|Any CPU
		{B00DF756-D5B8-490D-B9D9-3DA87B2CB9AD}.Release|Any CPU.ActiveCfg = Release|Any CPU
		{B00DF756-D5B8-490D-B9D9-3DA87B2CB9AD}.Release|Any CPU.Build.0 = Release|Any CPU
	EndGlobalSection
	GlobalSection(SolutionProperties) = preSolution
		HideSolutionNode = FALSE
	EndGlobalSection
	GlobalSection(ExtensibilityGlobals) = postSolution
		SolutionGuid = {E6F00DA5-9D97-447D-9274-E21A39970791}
	EndGlobalSection
EndGlobal
