
Microsoft Visual Studio Solution File, Format Version 12.00
# Visual Studio Version 17
VisualStudioVersion = 17.1.32414.318
MinimumVisualStudioVersion = 10.0.40219.1
Project("{FAE04EC0-301F-11D3-BF4B-00C04F79EFBC}") = "WiredBrainCoffee.StorageApp", "WiredBrainCoffee.StorageApp\WiredBrainCoffee.StorageApp.csproj", "{97665B5B-C719-416D-AD51-F61F9ADF7DC4}"
EndProject
Global
	GlobalSection(SolutionConfigurationPlatforms) = preSolution
		Debug|Any CPU = Debug|Any CPU
		Release|Any CPU = Release|Any CPU
	EndGlobalSection
	GlobalSection(ProjectConfigurationPlatforms) = postSolution
		{97665B5B-C719-416D-AD51-F61F9ADF7DC4}.Debug|Any CPU.ActiveCfg = Debug|Any CPU
		{97665B5B-C719-416D-AD51-F61F9ADF7DC4}.Debug|Any CPU.Build.0 = Debug|Any CPU
		{97665B5B-C719-416D-AD51-F61F9ADF7DC4}.Release|Any CPU.ActiveCfg = Release|Any CPU
		{97665B5B-C719-416D-AD51-F61F9ADF7DC4}.Release|Any CPU.Build.0 = Release|Any CPU
	EndGlobalSection
	GlobalSection(SolutionProperties) = preSolution
		HideSolutionNode = FALSE
	EndGlobalSection
	GlobalSection(ExtensibilityGlobals) = postSolution
		SolutionGuid = {AEEBB0E6-C2B7-4122-86EA-57E0288C8E60}
	EndGlobalSection
EndGlobal
